{
  "name": "vue-kit-ui",
  "version": "1.0.0",
  "lockfileVersion": 3,
  "requires": true,
  "packages": {
    "": {
      "name": "vue-kit-ui",
      "version": "1.0.0",
      "license": "ISC",
      "dependencies": {
        "autoprefixer": "^10.4.23",
        "postcss": "^8.5.6",
        "tailwindcss": "^4.1.18",
        "vue": "^3.5.27"
      }
    },
    "node_modules/@babel/helper-string-parser": {
      "version": "7.27.1",
      "resolved": "https://registry.npmjs.org/@babel/helper-string-parser/-/helper-string-parser-7.27.1.tgz",
      "integrity": "sha512-qMlSxKbpRlAridDExk92nSobyDdpPijUq2DW6oDnUqd0iOGxmQjyqhMIihI9+zv4LPyZdRje2cavWPbCbWm3eA==",
      "license": "MIT",
      "engines": {
        "node": ">=6.9.0"
      }
    },
    "node_modules/@babel/helper-validator-identifier": {
      "version": "7.28.5",
      "resolved": "https://registry.npmjs.org/@babel/helper-validator-identifier/-/helper-validator-identifier-7.28.5.tgz",
      "integrity": "sha512-qSs4ifwzKJSV39ucNjsvc6WVHs6b7S03sOh2OcHF9UHfVPqWWALUsNUVzhSBiItjRZoLHx7nIarVjqKVusUZ1Q==",
      "license": "MIT",
      "engines": {
        "node": ">=6.9.0"
      }
    },
    "node_modules/@babel/parser": {
      "version": "7.28.6",
      "resolved": "https://registry.npmjs.org/@babel/parser/-/parser-7.28.6.tgz",
      "integrity": "sha512-TeR9zWR18BvbfPmGbLampPMW+uW1NZnJlRuuHso8i87QZNq2JRF9i6RgxRqtEq+wQGsS19NNTWr2duhnE49mfQ==",
      "license": "MIT",
      "dependencies": {
        "@babel/types": "^7.28.6"
      },
      "bin": {
        "parser": "bin/babel-parser.js"
      },
      "engines": {
        "node": ">=6.0.0"
      }
    },
    "node_modules/@babel/types": {
      "version": "7.28.6",
      "resolved": "https://registry.npmjs.org/@babel/types/-/types-7.28.6.tgz",
      "integrity": "sha512-0ZrskXVEHSWIqZM/sQZ4EV3jZJXRkio/WCxaqKZP1g//CEWEPSfeZFcms4XeKBCHU0ZKnIkdJeU/kF+eRp5lBg==",
      "license": "MIT",
      "dependencies": {
        "@babel/helper-string-parser": "^7.27.1",
        "@babel/helper-validator-identifier": "^7.28.5"
      },
      "engines": {
        "node": ">=6.9.0"
      }
    },
    "node_modules/@jridgewell/sourcemap-codec": {
      "version": "1.5.5",
      "resolved": "https://registry.npmjs.org/@jridgewell/sourcemap-codec/-/sourcemap-codec-1.5.5.tgz",
      "integrity": "sha512-cYQ9310grqxueWbl+WuIUIaiUaDcj7WOq5fVhEljNVgRfOUhY9fy2zTvfoqWsnebh8Sl70VScFbICvJnLKB0Og==",
      "license": "MIT"
    },
    "node_modules/@vue/compiler-core": {
      "version": "3.5.27",
      "resolved": "https://registry.npmjs.org/@vue/compiler-core/-/compiler-core-3.5.27.tgz",
      "integrity": "sha512-gnSBQjZA+//qDZen+6a2EdHqJ68Z7uybrMf3SPjEGgG4dicklwDVmMC1AeIHxtLVPT7sn6sH1KOO+tS6gwOUeQ==",
      "license": "MIT",
      "dependencies": {
        "@babel/parser": "^7.28.5",
        "@vue/shared": "3.5.27",
        "entities": "^7.0.0",
        "estree-walker": "^2.0.2",
        "source-map-js": "^1.2.1"
      }
    },
    "node_modules/@vue/compiler-dom": {
      "version": "3.5.27",
      "resolved": "https://registry.npmjs.org/@vue/compiler-dom/-/compiler-dom-3.5.27.tgz",
      "integrity": "sha512-oAFea8dZgCtVVVTEC7fv3T5CbZW9BxpFzGGxC79xakTr6ooeEqmRuvQydIiDAkglZEAd09LgVf1RoDnL54fu5w==",
      "license": "MIT",
      "dependencies": {
        "@vue/compiler-core": "3.5.27",
        "@vue/shared": "3.5.27"
      }
    },
    "node_modules/@vue/compiler-sfc": {
      "version": "3.5.27",
      "resolved": "https://registry.npmjs.org/@vue/compiler-sfc/-/compiler-sfc-3.5.27.tgz",
      "integrity": "sha512-sHZu9QyDPeDmN/MRoshhggVOWE5WlGFStKFwu8G52swATgSny27hJRWteKDSUUzUH+wp+bmeNbhJnEAel/auUQ==",
      "license": "MIT",
      "dependencies": {
        "@babel/parser": "^7.28.5",
        "@vue/compiler-core": "3.5.27",
        "@vue/compiler-dom": "3.5.27",
        "@vue/compiler-ssr": "3.5.27",
        "@vue/shared": "3.5.27",
        "estree-walker": "^2.0.2",
        "magic-string": "^0.30.21",
        "postcss": "^8.5.6",
        "source-map-js": "^1.2.1"
      }
    },
    "node_modules/@vue/compiler-ssr": {
      "version": "3.5.27",
      "resolved": "https://registry.npmjs.org/@vue/compiler-ssr/-/compiler-ssr-3.5.27.tgz",
      "integrity": "sha512-Sj7h+JHt512fV1cTxKlYhg7qxBvack+BGncSpH+8vnN+KN95iPIcqB5rsbblX40XorP+ilO7VIKlkuu3Xq2vjw==",
      "license": "MIT",
      "dependencies": {
        "@vue/compiler-dom": "3.5.27",
        "@vue/shared": "3.5.27"
      }
    },
    "node_modules/@vue/reactivity": {
      "version": "3.5.27",
      "resolved": "https://registry.npmjs.org/@vue/reactivity/-/reactivity-3.5.27.tgz",
      "integrity": "sha512-vvorxn2KXfJ0nBEnj4GYshSgsyMNFnIQah/wczXlsNXt+ijhugmW+PpJ2cNPe4V6jpnBcs0MhCODKllWG+nvoQ==",
      "license": "MIT",
      "dependencies": {
        "@vue/shared": "3.5.27"
      }
    },
    "node_modules/@vue/runtime-core": {
      "version": "3.5.27",
      "resolved": "https://registry.npmjs.org/@vue/runtime-core/-/runtime-core-3.5.27.tgz",
      "integrity": "sha512-fxVuX/fzgzeMPn/CLQecWeDIFNt3gQVhxM0rW02Tvp/YmZfXQgcTXlakq7IMutuZ/+Ogbn+K0oct9J3JZfyk3A==",
      "license": "MIT",
      "dependencies": {
        "@vue/reactivity": "3.5.27",
        "@vue/shared": "3.5.27"
      }
    },
    "node_modules/@vue/runtime-dom": {
      "version": "3.5.27",
      "resolved": "https://registry.npmjs.org/@vue/runtime-dom/-/runtime-dom-3.5.27.tgz",
      "integrity": "sha512-/QnLslQgYqSJ5aUmb5F0z0caZPGHRB8LEAQ1s81vHFM5CBfnun63rxhvE/scVb/j3TbBuoZwkJyiLCkBluMpeg==",
      "license": "MIT",
      "dependencies": {
        "@vue/reactivity": "3.5.27",
        "@vue/runtime-core": "3.5.27",
        "@vue/shared": "3.5.27",
        "csstype": "^3.2.3"
      }
    },
    "node_modules/@vue/server-renderer": {
      "version": "3.5.27",
      "resolved": "https://registry.npmjs.org/@vue/server-renderer/-/server-renderer-3.5.27.tgz",
      "integrity": "sha512-qOz/5thjeP1vAFc4+BY3Nr6wxyLhpeQgAE/8dDtKo6a6xdk+L4W46HDZgNmLOBUDEkFXV3G7pRiUqxjX0/2zWA==",
      "license": "MIT",
      "dependencies": {
        "@vue/compiler-ssr": "3.5.27",
        "@vue/shared": "3.5.27"
      },
      "peerDependencies": {
        "vue": "3.5.27"
      }
    },
    "node_modules/@vue/shared": {
      "version": "3.5.27",
      "resolved": "https://registry.npmjs.org/@vue/shared/-/shared-3.5.27.tgz",
      "integrity": "sha512-dXr/3CgqXsJkZ0n9F3I4elY8wM9jMJpP3pvRG52r6m0tu/MsAFIe6JpXVGeNMd/D9F4hQynWT8Rfuj0bdm9kFQ==",
      "license": "MIT"
    },
    "node_modules/autoprefixer": {
      "version": "10.4.23",
      "resolved": "https://registry.npmjs.org/autoprefixer/-/autoprefixer-10.4.23.tgz",
      "integrity": "sha512-YYTXSFulfwytnjAPlw8QHncHJmlvFKtczb8InXaAx9Q0LbfDnfEYDE55omerIJKihhmU61Ft+cAOSzQVaBUmeA==",
      "funding": [
        {
          "type": "opencollective",
          "url": "https://opencollective.com/postcss/"
        },
        {
          "type": "tidelift",
          "url": "https://tidelift.com/funding/github/npm/autoprefixer"
        },
        {
          "type": "github",
          "url": "https://github.com/sponsors/ai"
        }
      ],
      "license": "MIT",
      "dependencies": {
        "browserslist": "^4.28.1",
        "caniuse-lite": "^1.0.30001760",
        "fraction.js": "^5.3.4",
        "picocolors": "^1.1.1",
        "postcss-value-parser": "^4.2.0"
      },
      "bin": {
        "autoprefixer": "bin/autoprefixer"
      },
      "engines": {
        "node": "^10 || ^12 || >=14"
      },
      "peerDependencies": {
        "postcss": "^8.1.0"
      }
    },
    "node_modules/baseline-browser-mapping": {
      "version": "2.9.16",
      "resolved": "https://registry.npmjs.org/baseline-browser-mapping/-/baseline-browser-mapping-2.9.16.tgz",
      "integrity": "sha512-KeUZdBuxngy825i8xvzaK1Ncnkx0tBmb3k8DkEuqjKRkmtvNTjey2ZsNeh8Dw4lfKvbCOu9oeNx2TKm2vHqcRw==",
      "license": "Apache-2.0",
      "bin": {
        "baseline-browser-mapping": "dist/cli.js"
      }
    },
    "node_modules/browserslist": {
      "version": "4.28.1",
      "resolved": "https://registry.npmjs.org/browserslist/-/browserslist-4.28.1.tgz",
      "integrity": "sha512-ZC5Bd0LgJXgwGqUknZY/vkUQ04r8NXnJZ3yYi4vDmSiZmC/pdSN0NbNRPxZpbtO4uAfDUAFffO8IZoM3Gj8IkA==",
      "funding": [
        {
          "type": "opencollective",
          "url": "https://opencollective.com/browserslist"
        },
        {
          "type": "tidelift",
          "url": "https://tidelift.com/funding/github/npm/browserslist"
        },
        {
          "type": "github",
          "url": "https://github.com/sponsors/ai"
        }
      ],
      "license": "MIT",
      "dependencies": {
        "baseline-browser-mapping": "^2.9.0",
        "caniuse-lite": "^1.0.30001759",
        "electron-to-chromium": "^1.5.263",
        "node-releases": "^2.0.27",
        "update-browserslist-db": "^1.2.0"
      },
      "bin": {
        "browserslist": "cli.js"
      },
      "engines": {
        "node": "^6 || ^7 || ^8 || ^9 || ^10 || ^11 || ^12 || >=13.7"
      }
    },
    "node_modules/caniuse-lite": {
      "version": "1.0.30001765",
      "resolved": "https://registry.npmjs.org/caniuse-lite/-/caniuse-lite-1.0.30001765.tgz",
      "integrity": "sha512-LWcNtSyZrakjECqmpP4qdg0MMGdN368D7X8XvvAqOcqMv0RxnlqVKZl2V6/mBR68oYMxOZPLw/gO7DuisMHUvQ==",
      "funding": [
        {
          "type": "opencollective",
          "url": "https://opencollective.com/browserslist"
        },
        {
          "type": "tidelift",
          "url": "https://tidelift.com/funding/github/npm/caniuse-lite"
        },
        {
          "type": "github",
          "url": "https://github.com/sponsors/ai"
        }
      ],
      "license": "CC-BY-4.0"
    },
    "node_modules/csstype": {
      "version": "3.2.3",
      "resolved": "https://registry.npmjs.org/csstype/-/csstype-3.2.3.tgz",
      "integrity": "sha512-z1HGKcYy2xA8AGQfwrn0PAy+PB7X/GSj3UVJW9qKyn43xWa+gl5nXmU4qqLMRzWVLFC8KusUX8T/0kCiOYpAIQ==",
      "license": "MIT"
    },
    "node_modules/electron-to-chromium": {
      "version": "1.5.267",
      "resolved": "https://registry.npmjs.org/electron-to-chromium/-/electron-to-chromium-1.5.267.tgz",
      "integrity": "sha512-0Drusm6MVRXSOJpGbaSVgcQsuB4hEkMpHXaVstcPmhu5LIedxs1xNK/nIxmQIU/RPC0+1/o0AVZfBTkTNJOdUw==",
      "license": "ISC"
    },
    "node_modules/entities": {
      "version": "7.0.1",
      "resolved": "https://registry.npmjs.org/entities/-/entities-7.0.1.tgz",
      "integrity": "sha512-TWrgLOFUQTH994YUyl1yT4uyavY5nNB5muff+RtWaqNVCAK408b5ZnnbNAUEWLTCpum9w6arT70i1XdQ4UeOPA==",
      "license": "BSD-2-Clause",
      "engines": {
        "node": ">=0.12"
      },
      "funding": {
        "url": "https://github.com/fb55/entities?sponsor=1"
      }
    },
    "node_modules/escalade": {
      "version": "3.2.0",
      "resolved": "https://registry.npmjs.org/escalade/-/escalade-3.2.0.tgz",
      "integrity": "sha512-WUj2qlxaQtO4g6Pq5c29GTcWGDyd8itL8zTlipgECz3JesAiiOKotd8JU6otB3PACgG6xkJUyVhboMS+bje/jA==",
      "license": "MIT",
      "engines": {
        "node": ">=6"
      }
    },
    "node_modules/estree-walker": {
      "version": "2.0.2",
      "resolved": "https://registry.npmjs.org/estree-walker/-/estree-walker-2.0.2.tgz",
      "integrity": "sha512-Rfkk/Mp/DL7JVje3u18FxFujQlTNR2q6QfMSMB7AvCBx91NGj/ba3kCfza0f6dVDbw7YlRf/nDrn7pQrCCyQ/w==",
      "license": "MIT"
    },
    "node_modules/fraction.js": {
      "version": "5.3.4",
      "resolved": "https://registry.npmjs.org/fraction.js/-/fraction.js-5.3.4.tgz",
      "integrity": "sha512-1X1NTtiJphryn/uLQz3whtY6jK3fTqoE3ohKs0tT+Ujr1W59oopxmoEh7Lu5p6vBaPbgoM0bzveAW4Qi5RyWDQ==",
      "license": "MIT",
      "engines": {
        "node": "*"
      },
      "funding": {
        "type": "github",
        "url": "https://github.com/sponsors/rawify"
      }
    },
    "node_modules/magic-string": {
      "version": "0.30.21",
      "resolved": "https://registry.npmjs.org/magic-string/-/magic-string-0.30.21.tgz",
      "integrity": "sha512-vd2F4YUyEXKGcLHoq+TEyCjxueSeHnFxyyjNp80yg0XV4vUhnDer/lvvlqM/arB5bXQN5K2/3oinyCRyx8T2CQ==",
      "license": "MIT",
      "dependencies": {
        "@jridgewell/sourcemap-codec": "^1.5.5"
      }
    },
    "node_modules/nanoid": {
      "version": "3.3.11",
      "resolved": "https://registry.npmjs.org/nanoid/-/nanoid-3.3.11.tgz",
      "integrity": "sha512-N8SpfPUnUp1bK+PMYW8qSWdl9U+wwNWI4QKxOYDy9JAro3WMX7p2OeVRF9v+347pnakNevPmiHhNmZ2HbFA76w==",
      "funding": [
        {
          "type": "github",
          "url": "https://github.com/sponsors/ai"
        }
      ],
      "license": "MIT",
      "bin": {
        "nanoid": "bin/nanoid.cjs"
      },
      "engines": {
        "node": "^10 || ^12 || ^13.7 || ^14 || >=15.0.1"
      }
    },
    "node_modules/node-releases": {
      "version": "2.0.27",
      "resolved": "https://registry.npmjs.org/node-releases/-/node-releases-2.0.27.tgz",
      "integrity": "sha512-nmh3lCkYZ3grZvqcCH+fjmQ7X+H0OeZgP40OierEaAptX4XofMh5kwNbWh7lBduUzCcV/8kZ+NDLCwm2iorIlA==",
      "license": "MIT"
    },
    "node_modules/picocolors": {
      "version": "1.1.1",
      "resolved": "https://registry.npmjs.org/picocolors/-/picocolors-1.1.1.tgz",
      "integrity": "sha512-xceH2snhtb5M9liqDsmEw56le376mTZkEX/jEb/RxNFyegNul7eNslCXP9FDj/Lcu0X8KEyMceP2ntpaHrDEVA==",
      "license": "ISC"
    },
    "node_modules/postcss": {
      "version": "8.5.6",
      "resolved": "https://registry.npmjs.org/postcss/-/postcss-8.5.6.tgz",
      "integrity": "sha512-3Ybi1tAuwAP9s0r1UQ2J4n5Y0G05bJkpUIO0/bI9MhwmD70S5aTWbXGBwxHrelT+XM1k6dM0pk+SwNkpTRN7Pg==",
      "funding": [
        {
          "type": "opencollective",
          "url": "https://opencollective.com/postcss/"
        },
        {
          "type": "tidelift",
          "url": "https://tidelift.com/funding/github/npm/postcss"
        },
        {
          "type": "github",
          "url": "https://github.com/sponsors/ai"
        }
      ],
      "license": "MIT",
      "dependencies": {
        "nanoid": "^3.3.11",
        "picocolors": "^1.1.1",
        "source-map-js": "^1.2.1"
      },
      "engines": {
        "node": "^10 || ^12 || >=14"
      }
    },
    "node_modules/postcss-value-parser": {
      "version": "4.2.0",
      "resolved": "https://registry.npmjs.org/postcss-value-parser/-/postcss-value-parser-4.2.0.tgz",
      "integrity": "sha512-1NNCs6uurfkVbeXG4S8JFT9t19m45ICnif8zWLd5oPSZ50QnwMfK+H3jv408d4jw/7Bttv5axS5IiHoLaVNHeQ==",
      "license": "MIT"
    },
    "node_modules/source-map-js": {
      "version": "1.2.1",
      "resolved": "https://registry.npmjs.org/source-map-js/-/source-map-js-1.2.1.tgz",
      "integrity": "sha512-UXWMKhLOwVKb728IUtQPXxfYU+usdybtUrK/8uGE8CQMvrhOpwvzDBwj0QhSL7MQc7vIsISBG8VQ8+IDQxpfQA==",
      "license": "BSD-3-Clause",
      "engines": {
        "node": ">=0.10.0"
      }
    },
    "node_modules/tailwindcss": {
      "version": "4.1.18",
      "resolved": "https://registry.npmjs.org/tailwindcss/-/tailwindcss-4.1.18.tgz",
      "integrity": "sha512-4+Z+0yiYyEtUVCScyfHCxOYP06L5Ne+JiHhY2IjR2KWMIWhJOYZKLSGZaP5HkZ8+bY0cxfzwDE5uOmzFXyIwxw==",
      "license": "MIT"
    },
    "node_modules/update-browserslist-db": {
      "version": "1.2.3",
      "resolved": "https://registry.npmjs.org/update-browserslist-db/-/update-browserslist-db-1.2.3.tgz",
      "integrity": "sha512-Js0m9cx+qOgDxo0eMiFGEueWztz+d4+M3rGlmKPT+T4IS/jP4ylw3Nwpu6cpTTP8R1MAC1kF4VbdLt3ARf209w==",
      "funding": [
        {
          "type": "opencollective",
          "url": "https://opencollective.com/browserslist"
        },
        {
          "type": "tidelift",
          "url": "https://tidelift.com/funding/github/npm/browserslist"
        },
        {
          "type": "github",
          "url": "https://github.com/sponsors/ai"
        }
      ],
      "license": "MIT",
      "dependencies": {
        "escalade": "^3.2.0",
        "picocolors": "^1.1.1"
      },
      "bin": {
        "update-browserslist-db": "cli.js"
      },
      "peerDependencies": {
        "browserslist": ">= 4.21.0"
      }
    },
    "node_modules/vue": {
      "version": "3.5.27",
      "resolved": "https://registry.npmjs.org/vue/-/vue-3.5.27.tgz",
      "integrity": "sha512-aJ/UtoEyFySPBGarREmN4z6qNKpbEguYHMmXSiOGk69czc+zhs0NF6tEFrY8TZKAl8N/LYAkd4JHVd5E/AsSmw==",
      "license": "MIT",
      "dependencies": {
        "@vue/compiler-dom": "3.5.27",
        "@vue/compiler-sfc": "3.5.27",
        "@vue/runtime-dom": "3.5.27",
        "@vue/server-renderer": "3.5.27",
        "@vue/shared": "3.5.27"
      },
      "peerDependencies": {
        "typescript": "*"
      },
      "peerDependenciesMeta": {
        "typescript": {
          "optional": true
        }
      }
    }
  }
}
